
Microsoft Visual Studio Solution File, Format Version 12.00
# Visual Studio Version 16
VisualStudioVersion = 16.0.29102.190
MinimumVisualStudioVersion = 10.0.40219.1
Project("{FAE04EC0-301F-11D3-BF4B-00C04F79EFBC}") = "FormDataKVPCreator", "FormDataKVPCreator\FormDataKVPCreator.csproj", "{D78705FE-FDDE-4F96-9EB5-A9D635BC8D90}"
EndProject
Global
	GlobalSection(SolutionConfigurationPlatforms) = preSolution
		Debug|Any CPU = Debug|Any CPU
		Release|Any CPU = Release|Any CPU
	EndGlobalSection
	GlobalSection(ProjectConfigurationPlatforms) = postSolution
		{D78705FE-FDDE-4F96-9EB5-A9D635BC8D90}.Debug|Any CPU.ActiveCfg = Debug|Any CPU
		{D78705FE-FDDE-4F96-9EB5-A9D635BC8D90}.Debug|Any CPU.Build.0 = Debug|Any CPU
		{D78705FE-FDDE-4F96-9EB5-A9D635BC8D90}.Release|Any CPU.ActiveCfg = Release|Any CPU
		{D78705FE-FDDE-4F96-9EB5-A9D635BC8D90}.Release|Any CPU.Build.0 = Release|Any CPU
	EndGlobalSection
	GlobalSection(SolutionProperties) = preSolution
		HideSolutionNode = FALSE
	EndGlobalSection
	GlobalSection(ExtensibilityGlobals) = postSolution
		SolutionGuid = {B44F9004-7677-42A1-93FF-3BB5F4992CF9}
	EndGlobalSection
EndGlobal
